
Microsoft Visual Studio Solution File, Format Version 12.00
# Visual Studio Version 17
VisualStudioVersion = 17.2.32516.85
MinimumVisualStudioVersion = 10.0.40219.1
Project("{FAE04EC0-301F-11D3-BF4B-00C04F79EFBC}") = "ClassExercise1", "ClassExercise1\ClassExercise1.csproj", "{BBFDE713-5442-4416-9DDB-1889CEC58A5A}"
EndProject
Global
	GlobalSection(SolutionConfigurationPlatforms) = preSolution
		Debug|Any CPU = Debug|Any CPU
		Release|Any CPU = Release|Any CPU
	EndGlobalSection
	GlobalSection(ProjectConfigurationPlatforms) = postSolution
		{BBFDE713-5442-4416-9DDB-1889CEC58A5A}.Debug|Any CPU.ActiveCfg = Debug|Any CPU
		{BBFDE713-5442-4416-9DDB-1889CEC58A5A}.Debug|Any CPU.Build.0 = Debug|Any CPU
		{BBFDE713-5442-4416-9DDB-1889CEC58A5A}.Release|Any CPU.ActiveCfg = Release|Any CPU
		{BBFDE713-5442-4416-9DDB-1889CEC58A5A}.Release|Any CPU.Build.0 = Release|Any CPU
	EndGlobalSection
	GlobalSection(SolutionProperties) = preSolution
		HideSolutionNode = FALSE
	EndGlobalSection
	GlobalSection(ExtensibilityGlobals) = postSolution
		SolutionGuid = {BEA9DA90-73E6-4AA7-9F3C-E7397E92AFA5}
	EndGlobalSection
EndGlobal
